
Microsoft Visual Studio Solution File, Format Version 12.00
# 
Project("{FAE04EC0-301F-11D3-BF4B-00C04F79EFBC}") = "DemonsAndDogs", "DemonsAndDogs\DemonsAndDogs.csproj", "{8854E278-BD0E-47AE-88E1-69AE93846F66}"
EndProject
Project("{FAE04EC0-301F-11D3-BF4B-00C04F79EFBC}") = "Models", "Models\Models.csproj", "{9CF96288-416F-4FC8-A765-332F32CF6EB6}"
EndProject
Project("{FAE04EC0-301F-11D3-BF4B-00C04F79EFBC}") = "API", "API\API.csproj", "{8CF902CC-6F52-4A64-8BDE-8CDA43A2DBF6}"
EndProject
Project("{FAE04EC0-301F-11D3-BF4B-00C04F79EFBC}") = "API.Services", "API.Services\API.Services.csproj", "{58206C90-77B2-42F9-AFAE-723143FAD56F}"
EndProject
Project("{FAE04EC0-301F-11D3-BF4B-00C04F79EFBC}") = "DataAccess", "DataAccess\DataAccess.csproj", "{31FBBF4E-1E41-45F5-A573-8BF3F1656883}"
EndProject
Project("{FAE04EC0-301F-11D3-BF4B-00C04F79EFBC}") = "API.Configuration", "API.Configuration\API.Configuration.csproj", "{C7D365DB-9B40-473A-85DD-C802ECE2D172}"
EndProject
Project("{FAE04EC0-301F-11D3-BF4B-00C04F79EFBC}") = "AppConstants", "AppConstants\AppConstants.csproj", "{3499C5B8-0050-486F-ACF6-D6A7076012FD}"
EndProject
Project("{FAE04EC0-301F-11D3-BF4B-00C04F79EFBC}") = "UIComponents", "UIComponents\UIComponents.csproj", "{1DFEA14A-FBD4-4574-9AAE-4D64B1DBBB6C}"
EndProject
Project("{FAE04EC0-301F-11D3-BF4B-00C04F79EFBC}") = "Mediator", "Mediator\Mediator.csproj", "{221A5EEF-3FF4-4ED7-B9BC-0BEB130A02FB}"
EndProject
Project("{FAE04EC0-301F-11D3-BF4B-00C04F79EFBC}") = "API.Client", "API.Client\API.Client.csproj", "{5F7E5976-57A0-4FC5-BDB9-2565F0B4ABB8}"
EndProject
Project("{FAE04EC0-301F-11D3-BF4B-00C04F79EFBC}") = "DemonsAndDogs.Tests", "DemonsAndDogs.Tests\DemonsAndDogs.Tests.csproj", "{36E72839-F9CD-45CB-ABA3-C6ED5EBCCC42}"
EndProject
Project("{FAE04EC0-301F-11D3-BF4B-00C04F79EFBC}") = "DemonsAndDogs.PlaywrightTests", "DemonsAndDogs.PlaywrightTests\DemonsAndDogs.PlaywrightTests.csproj", "{B938D68B-7006-4C20-8989-6FF1AE56BC32}"
EndProject
Project("{FAE04EC0-301F-11D3-BF4B-00C04F79EFBC}") = "DemonsAndDogs.API.Tests", "DemonsAndDogs.API.Tests\DemonsAndDogs.API.Tests.csproj", "{D0679832-0A48-4F37-8259-C2647DFB03F9}"
EndProject
Global
	GlobalSection(SolutionConfigurationPlatforms) = preSolution
		Debug|Any CPU = Debug|Any CPU
		Release|Any CPU = Release|Any CPU
	EndGlobalSection
	GlobalSection(ProjectConfigurationPlatforms) = postSolution
		{8854E278-BD0E-47AE-88E1-69AE93846F66}.Debug|Any CPU.ActiveCfg = Debug|Any CPU
		{8854E278-BD0E-47AE-88E1-69AE93846F66}.Debug|Any CPU.Build.0 = Debug|Any CPU
		{8854E278-BD0E-47AE-88E1-69AE93846F66}.Release|Any CPU.ActiveCfg = Release|Any CPU
		{8854E278-BD0E-47AE-88E1-69AE93846F66}.Release|Any CPU.Build.0 = Release|Any CPU
		{9CF96288-416F-4FC8-A765-332F32CF6EB6}.Debug|Any CPU.ActiveCfg = Debug|Any CPU
		{9CF96288-416F-4FC8-A765-332F32CF6EB6}.Debug|Any CPU.Build.0 = Debug|Any CPU
		{9CF96288-416F-4FC8-A765-332F32CF6EB6}.Release|Any CPU.ActiveCfg = Release|Any CPU
		{9CF96288-416F-4FC8-A765-332F32CF6EB6}.Release|Any CPU.Build.0 = Release|Any CPU
		{8CF902CC-6F52-4A64-8BDE-8CDA43A2DBF6}.Debug|Any CPU.ActiveCfg = Debug|Any CPU
		{8CF902CC-6F52-4A64-8BDE-8CDA43A2DBF6}.Debug|Any CPU.Build.0 = Debug|Any CPU
		{8CF902CC-6F52-4A64-8BDE-8CDA43A2DBF6}.Release|Any CPU.ActiveCfg = Release|Any CPU
		{8CF902CC-6F52-4A64-8BDE-8CDA43A2DBF6}.Release|Any CPU.Build.0 = Release|Any CPU
		{58206C90-77B2-42F9-AFAE-723143FAD56F}.Debug|Any CPU.ActiveCfg = Debug|Any CPU
		{58206C90-77B2-42F9-AFAE-723143FAD56F}.Debug|Any CPU.Build.0 = Debug|Any CPU
		{58206C90-77B2-42F9-AFAE-723143FAD56F}.Release|Any CPU.ActiveCfg = Release|Any CPU
		{58206C90-77B2-42F9-AFAE-723143FAD56F}.Release|Any CPU.Build.0 = Release|Any CPU
		{31FBBF4E-1E41-45F5-A573-8BF3F1656883}.Debug|Any CPU.ActiveCfg = Debug|Any CPU
		{31FBBF4E-1E41-45F5-A573-8BF3F1656883}.Debug|Any CPU.Build.0 = Debug|Any CPU
		{31FBBF4E-1E41-45F5-A573-8BF3F1656883}.Release|Any CPU.ActiveCfg = Release|Any CPU
		{31FBBF4E-1E41-45F5-A573-8BF3F1656883}.Release|Any CPU.Build.0 = Release|Any CPU
		{C7D365DB-9B40-473A-85DD-C802ECE2D172}.Debug|Any CPU.ActiveCfg = Debug|Any CPU
		{C7D365DB-9B40-473A-85DD-C802ECE2D172}.Debug|Any CPU.Build.0 = Debug|Any CPU
		{C7D365DB-9B40-473A-85DD-C802ECE2D172}.Release|Any CPU.ActiveCfg = Release|Any CPU
		{C7D365DB-9B40-473A-85DD-C802ECE2D172}.Release|Any CPU.Build.0 = Release|Any CPU
		{3499C5B8-0050-486F-ACF6-D6A7076012FD}.Debug|Any CPU.ActiveCfg = Debug|Any CPU
		{3499C5B8-0050-486F-ACF6-D6A7076012FD}.Debug|Any CPU.Build.0 = Debug|Any CPU
		{3499C5B8-0050-486F-ACF6-D6A7076012FD}.Release|Any CPU.ActiveCfg = Release|Any CPU
		{3499C5B8-0050-486F-ACF6-D6A7076012FD}.Release|Any CPU.Build.0 = Release|Any CPU
		{1DFEA14A-FBD4-4574-9AAE-4D64B1DBBB6C}.Debug|Any CPU.ActiveCfg = Debug|Any CPU
		{1DFEA14A-FBD4-4574-9AAE-4D64B1DBBB6C}.Debug|Any CPU.Build.0 = Debug|Any CPU
		{1DFEA14A-FBD4-4574-9AAE-4D64B1DBBB6C}.Release|Any CPU.ActiveCfg = Release|Any CPU
		{1DFEA14A-FBD4-4574-9AAE-4D64B1DBBB6C}.Release|Any CPU.Build.0 = Release|Any CPU
		{221A5EEF-3FF4-4ED7-B9BC-0BEB130A02FB}.Debug|Any CPU.ActiveCfg = Debug|Any CPU
		{221A5EEF-3FF4-4ED7-B9BC-0BEB130A02FB}.Debug|Any CPU.Build.0 = Debug|Any CPU
		{221A5EEF-3FF4-4ED7-B9BC-0BEB130A02FB}.Release|Any CPU.ActiveCfg = Release|Any CPU
		{221A5EEF-3FF4-4ED7-B9BC-0BEB130A02FB}.Release|Any CPU.Build.0 = Release|Any CPU
		{5F7E5976-57A0-4FC5-BDB9-2565F0B4ABB8}.Debug|Any CPU.ActiveCfg = Debug|Any CPU
		{5F7E5976-57A0-4FC5-BDB9-2565F0B4ABB8}.Debug|Any CPU.Build.0 = Debug|Any CPU
		{5F7E5976-57A0-4FC5-BDB9-2565F0B4ABB8}.Release|Any CPU.ActiveCfg = Release|Any CPU
		{5F7E5976-57A0-4FC5-BDB9-2565F0B4ABB8}.Release|Any CPU.Build.0 = Release|Any CPU
		{36E72839-F9CD-45CB-ABA3-C6ED5EBCCC42}.Debug|Any CPU.ActiveCfg = Debug|Any CPU
		{36E72839-F9CD-45CB-ABA3-C6ED5EBCCC42}.Debug|Any CPU.Build.0 = Debug|Any CPU
		{36E72839-F9CD-45CB-ABA3-C6ED5EBCCC42}.Release|Any CPU.ActiveCfg = Release|Any CPU
		{36E72839-F9CD-45CB-ABA3-C6ED5EBCCC42}.Release|Any CPU.Build.0 = Release|Any CPU
		{B938D68B-7006-4C20-8989-6FF1AE56BC32}.Debug|Any CPU.ActiveCfg = Debug|Any CPU
		{B938D68B-7006-4C20-8989-6FF1AE56BC32}.Debug|Any CPU.Build.0 = Debug|Any CPU
		{B938D68B-7006-4C20-8989-6FF1AE56BC32}.Release|Any CPU.ActiveCfg = Release|Any CPU
		{B938D68B-7006-4C20-8989-6FF1AE56BC32}.Release|Any CPU.Build.0 = Release|Any CPU
		{D0679832-0A48-4F37-8259-C2647DFB03F9}.Debug|Any CPU.ActiveCfg = Debug|Any CPU
		{D0679832-0A48-4F37-8259-C2647DFB03F9}.Debug|Any CPU.Build.0 = Debug|Any CPU
		{D0679832-0A48-4F37-8259-C2647DFB03F9}.Release|Any CPU.ActiveCfg = Release|Any CPU
		{D0679832-0A48-4F37-8259-C2647DFB03F9}.Release|Any CPU.Build.0 = Release|Any CPU
	EndGlobalSection
EndGlobal
