
Microsoft Visual Studio Solution File, Format Version 12.00
Project("{FAE04EC0-301F-11D3-BF4B-00C04F79EFBC}") = "DemonsAndDogs", "DemonsAndDogs\DemonsAndDogs.csproj", "{8854E278-BD0E-47AE-88E1-69AE93846F66}"
EndProject
Project("{FAE04EC0-301F-11D3-BF4B-00C04F79EFBC}") = "Models", "Models\Models.csproj", "{9CF96288-416F-4FC8-A765-332F32CF6EB6}"
EndProject
Project("{FAE04EC0-301F-11D3-BF4B-00C04F79EFBC}") = "API", "API\API.csproj", "{8CF902CC-6F52-4A64-8BDE-8CDA43A2DBF6}"
EndProject
Project("{FAE04EC0-301F-11D3-BF4B-00C04F79EFBC}") = "API.Services", "API.Services\API.Services.csproj", "{58206C90-77B2-42F9-AFAE-723143FAD56F}"
EndProject
Project("{FAE04EC0-301F-11D3-BF4B-00C04F79EFBC}") = "DataAccess", "DataAccess\DataAccess.csproj", "{31FBBF4E-1E41-45F5-A573-8BF3F1656883}"
EndProject
Project("{FAE04EC0-301F-11D3-BF4B-00C04F79EFBC}") = "API.Configuration", "API.Configuration\API.Configuration.csproj", "{C7D365DB-9B40-473A-85DD-C802ECE2D172}"
EndProject
Project("{FAE04EC0-301F-11D3-BF4B-00C04F79EFBC}") = "AppConstants", "AppConstants\AppConstants.csproj", "{3499C5B8-0050-486F-ACF6-D6A7076012FD}"
EndProject
Global
	GlobalSection(SolutionConfigurationPlatforms) = preSolution
		Debug|Any CPU = Debug|Any CPU
		Release|Any CPU = Release|Any CPU
	EndGlobalSection
	GlobalSection(ProjectConfigurationPlatforms) = postSolution
		{8854E278-BD0E-47AE-88E1-69AE93846F66}.Debug|Any CPU.ActiveCfg = Debug|Any CPU
		{8854E278-BD0E-47AE-88E1-69AE93846F66}.Debug|Any CPU.Build.0 = Debug|Any CPU
		{8854E278-BD0E-47AE-88E1-69AE93846F66}.Release|Any CPU.ActiveCfg = Release|Any CPU
		{8854E278-BD0E-47AE-88E1-69AE93846F66}.Release|Any CPU.Build.0 = Release|Any CPU
		{9CF96288-416F-4FC8-A765-332F32CF6EB6}.Debug|Any CPU.ActiveCfg = Debug|Any CPU
		{9CF96288-416F-4FC8-A765-332F32CF6EB6}.Debug|Any CPU.Build.0 = Debug|Any CPU
		{9CF96288-416F-4FC8-A765-332F32CF6EB6}.Release|Any CPU.ActiveCfg = Release|Any CPU
		{9CF96288-416F-4FC8-A765-332F32CF6EB6}.Release|Any CPU.Build.0 = Release|Any CPU
		{8CF902CC-6F52-4A64-8BDE-8CDA43A2DBF6}.Debug|Any CPU.ActiveCfg = Debug|Any CPU
		{8CF902CC-6F52-4A64-8BDE-8CDA43A2DBF6}.Debug|Any CPU.Build.0 = Debug|Any CPU
		{8CF902CC-6F52-4A64-8BDE-8CDA43A2DBF6}.Release|Any CPU.ActiveCfg = Release|Any CPU
		{8CF902CC-6F52-4A64-8BDE-8CDA43A2DBF6}.Release|Any CPU.Build.0 = Release|Any CPU
		{58206C90-77B2-42F9-AFAE-723143FAD56F}.Debug|Any CPU.ActiveCfg = Debug|Any CPU
		{58206C90-77B2-42F9-AFAE-723143FAD56F}.Debug|Any CPU.Build.0 = Debug|Any CPU
		{58206C90-77B2-42F9-AFAE-723143FAD56F}.Release|Any CPU.ActiveCfg = Release|Any CPU
		{58206C90-77B2-42F9-AFAE-723143FAD56F}.Release|Any CPU.Build.0 = Release|Any CPU
		{31FBBF4E-1E41-45F5-A573-8BF3F1656883}.Debug|Any CPU.ActiveCfg = Debug|Any CPU
		{31FBBF4E-1E41-45F5-A573-8BF3F1656883}.Debug|Any CPU.Build.0 = Debug|Any CPU
		{31FBBF4E-1E41-45F5-A573-8BF3F1656883}.Release|Any CPU.ActiveCfg = Release|Any CPU
		{31FBBF4E-1E41-45F5-A573-8BF3F1656883}.Release|Any CPU.Build.0 = Release|Any CPU
		{C7D365DB-9B40-473A-85DD-C802ECE2D172}.Debug|Any CPU.ActiveCfg = Debug|Any CPU
		{C7D365DB-9B40-473A-85DD-C802ECE2D172}.Debug|Any CPU.Build.0 = Debug|Any CPU
		{C7D365DB-9B40-473A-85DD-C802ECE2D172}.Release|Any CPU.ActiveCfg = Release|Any CPU
		{C7D365DB-9B40-473A-85DD-C802ECE2D172}.Release|Any CPU.Build.0 = Release|Any CPU
		{3499C5B8-0050-486F-ACF6-D6A7076012FD}.Debug|Any CPU.ActiveCfg = Debug|Any CPU
		{3499C5B8-0050-486F-ACF6-D6A7076012FD}.Debug|Any CPU.Build.0 = Debug|Any CPU
		{3499C5B8-0050-486F-ACF6-D6A7076012FD}.Release|Any CPU.ActiveCfg = Release|Any CPU
		{3499C5B8-0050-486F-ACF6-D6A7076012FD}.Release|Any CPU.Build.0 = Release|Any CPU
	EndGlobalSection
EndGlobal
